
Microsoft Visual Studio Solution File, Format Version 12.00
# Visual Studio Version 17
VisualStudioVersion = 17.11.35327.3
MinimumVisualStudioVersion = 10.0.40219.1
Project("{FAE04EC0-301F-11D3-BF4B-00C04F79EFBC}") = "MovieAPI", "MovieAPI\MovieAPI.csproj", "{D470739A-A050-40BF-A7E3-92B919F91EAF}"
EndProject
Global
	GlobalSection(SolutionConfigurationPlatforms) = preSolution
		Debug|Any CPU = Debug|Any CPU
		Release|Any CPU = Release|Any CPU
	EndGlobalSection
	GlobalSection(ProjectConfigurationPlatforms) = postSolution
		{D470739A-A050-40BF-A7E3-92B919F91EAF}.Debug|Any CPU.ActiveCfg = Debug|Any CPU
		{D470739A-A050-40BF-A7E3-92B919F91EAF}.Debug|Any CPU.Build.0 = Debug|Any CPU
		{D470739A-A050-40BF-A7E3-92B919F91EAF}.Release|Any CPU.ActiveCfg = Release|Any CPU
		{D470739A-A050-40BF-A7E3-92B919F91EAF}.Release|Any CPU.Build.0 = Release|Any CPU
	EndGlobalSection
	GlobalSection(SolutionProperties) = preSolution
		HideSolutionNode = FALSE
	EndGlobalSection
	GlobalSection(ExtensibilityGlobals) = postSolution
		SolutionGuid = {F16AADA4-D928-40FB-9BF0-5F1BDE3A5729}
	EndGlobalSection
EndGlobal
